
Microsoft Visual Studio Solution File, Format Version 12.00
# Visual Studio Version 17
VisualStudioVersion = 17.6.33801.468
MinimumVisualStudioVersion = 10.0.40219.1
Project("{FAE04EC0-301F-11D3-BF4B-00C04F79EFBC}") = "WindowsFormsApp2", "WindowsFormsApp2.csproj", "{0FE38DB4-544B-411A-AB3B-73FC21CD21EC}"
EndProject
Global
	GlobalSection(SolutionConfigurationPlatforms) = preSolution
		Debug|Any CPU = Debug|Any CPU
		Release|Any CPU = Release|Any CPU
	EndGlobalSection
	GlobalSection(ProjectConfigurationPlatforms) = postSolution
		{0FE38DB4-544B-411A-AB3B-73FC21CD21EC}.Debug|Any CPU.ActiveCfg = Debug|Any CPU
		{0FE38DB4-544B-411A-AB3B-73FC21CD21EC}.Debug|Any CPU.Build.0 = Debug|Any CPU
		{0FE38DB4-544B-411A-AB3B-73FC21CD21EC}.Release|Any CPU.ActiveCfg = Release|Any CPU
		{0FE38DB4-544B-411A-AB3B-73FC21CD21EC}.Release|Any CPU.Build.0 = Release|Any CPU
	EndGlobalSection
	GlobalSection(SolutionProperties) = preSolution
		HideSolutionNode = FALSE
	EndGlobalSection
	GlobalSection(ExtensibilityGlobals) = postSolution
		SolutionGuid = {2B73BCA9-A74D-4562-8FF5-2968210E6947}
	EndGlobalSection
EndGlobal
